
Microsoft Visual Studio Solution File, Format Version 12.00
# Visual Studio Version 16
VisualStudioVersion = 16.0.32510.428
MinimumVisualStudioVersion = 10.0.40219.1
Project("{FAE04EC0-301F-11D3-BF4B-00C04F79EFBC}") = "WebApplicationDemo", "WebApplicationDemo\WebApplicationDemo.csproj", "{859DF8C3-0619-4944-90B6-557C1A81163C}"
EndProject
Global
	GlobalSection(SolutionConfigurationPlatforms) = preSolution
		Debug|Any CPU = Debug|Any CPU
		Release|Any CPU = Release|Any CPU
	EndGlobalSection
	GlobalSection(ProjectConfigurationPlatforms) = postSolution
		{859DF8C3-0619-4944-90B6-557C1A81163C}.Debug|Any CPU.ActiveCfg = Debug|Any CPU
		{859DF8C3-0619-4944-90B6-557C1A81163C}.Debug|Any CPU.Build.0 = Debug|Any CPU
		{859DF8C3-0619-4944-90B6-557C1A81163C}.Release|Any CPU.ActiveCfg = Release|Any CPU
		{859DF8C3-0619-4944-90B6-557C1A81163C}.Release|Any CPU.Build.0 = Release|Any CPU
	EndGlobalSection
	GlobalSection(SolutionProperties) = preSolution
		HideSolutionNode = FALSE
	EndGlobalSection
	GlobalSection(ExtensibilityGlobals) = postSolution
		SolutionGuid = {737A5090-57FF-4248-87D5-DDED51926100}
	EndGlobalSection
EndGlobal
